
Microsoft Visual Studio Solution File, Format Version 12.00
# Visual Studio Version 17
VisualStudioVersion = 17.7.34202.233
MinimumVisualStudioVersion = 10.0.40219.1
Project("{FAE04EC0-301F-11D3-BF4B-00C04F79EFBC}") = "Bolum_01_04_Giris", "Bolum_01_04_Giris\Bolum_01_04_Giris.csproj", "{2A851324-E65B-4B54-ABD9-6A2DCCDBE377}"
EndProject
Project("{FAE04EC0-301F-11D3-BF4B-00C04F79EFBC}") = "Bolum_05_Baslangic", "Bolum_05_Baslangic\Bolum_05_Baslangic.csproj", "{7E9A2E87-5EF9-488F-B7D8-D100A2D06FC7}"
EndProject
Project("{FAE04EC0-301F-11D3-BF4B-00C04F79EFBC}") = "Bolum_06_TemelKonularDegiskenlerTurDonusumleri", "Bolum_06_TemelKonularDegiskenlerTurDonusumleri\Bolum_06_TemelKonularDegiskenlerTurDonusumleri.csproj", "{17A5843E-35AB-4F10-BACA-30E20D7741E7}"
EndProject
Project("{FAE04EC0-301F-11D3-BF4B-00C04F79EFBC}") = "Bolum_07_TemelKonularOperatorKullanimi", "Bolum_07_TemelKonularOperatorKullanimi\Bolum_07_TemelKonularOperatorKullanimi.csproj", "{F68CF7A0-8991-478A-922E-709F88FFF86D}"
EndProject
Project("{FAE04EC0-301F-11D3-BF4B-00C04F79EFBC}") = "Bolum_08_TemelKonularKosulIfadeleri", "Bolum_08_TemelKonularKosulIfadeleri\Bolum_08_TemelKonularKosulIfadeleri.csproj", "{C2701FA1-6D32-45E3-BCDB-77A740DEC5E1}"
EndProject
Project("{FAE04EC0-301F-11D3-BF4B-00C04F79EFBC}") = "Bolum_09_TemelKonularDonguler", "Bolum_09_TemelKonularDonguler\Bolum_09_TemelKonularDonguler.csproj", "{E3E59F87-3677-4D2E-AD31-666887A7686E}"
EndProject
Project("{FAE04EC0-301F-11D3-BF4B-00C04F79EFBC}") = "Bolum_10_Diziler_Arrays", "Bolum_10_Diziler_Arrays\Bolum_10_Diziler_Arrays.csproj", "{30B9CE2A-4085-4B59-8DB6-DCAEA59EFCF0}"
EndProject
Project("{FAE04EC0-301F-11D3-BF4B-00C04F79EFBC}") = "Bolum_11_Koleksiyonlar", "Bolum_11_Koleksiyonlar\Bolum_11_Koleksiyonlar.csproj", "{8CF69176-CA4F-4B1D-A580-CE58ECFC1D67}"
EndProject
Project("{FAE04EC0-301F-11D3-BF4B-00C04F79EFBC}") = "Bolum_12_Metot", "Bolum_12_Metot\Bolum_12_Metot.csproj", "{AAF9E917-F13B-4E2A-A8CF-0AFFF04960FD}"
EndProject
Project("{FAE04EC0-301F-11D3-BF4B-00C04F79EFBC}") = "Bolum_13_OOP_Siniflar", "Bolum_13_OOP_Siniflar\Bolum_13_OOP_Siniflar.csproj", "{21530A77-347F-403B-8772-218FC7010A87}"
EndProject
Project("{FAE04EC0-301F-11D3-BF4B-00C04F79EFBC}") = "Bolum_14_OOP_Kapsulleme", "Bolum_14_OOP_Kapsulleme\Bolum_14_OOP_Kapsulleme.csproj", "{46042098-6FB4-46AE-B9B9-1CFCFD21FBE7}"
EndProject
Project("{FAE04EC0-301F-11D3-BF4B-00C04F79EFBC}") = "Bolum_15_OOP_Static_Kavrami", "Bolum_15_OOP_Static_Kavrami\Bolum_15_OOP_Static_Kavrami.csproj", "{76E0F2C2-EFD7-45AC-9925-66491DE2A7B0}"
EndProject
Project("{FAE04EC0-301F-11D3-BF4B-00C04F79EFBC}") = "Bolum_16_OOP_Inner_Type_Kavrami", "Bolum_16_OOP_Inner_Type_Kavrami\Bolum_16_OOP_Inner_Type_Kavrami.csproj", "{7E50A1D3-690D-4736-B99C-9EA4771CBF11}"
EndProject
Project("{FAE04EC0-301F-11D3-BF4B-00C04F79EFBC}") = "Bolum_17_OOP_Kalitim", "Bolum_17_OOP_Kalitim\Bolum_17_OOP_Kalitim.csproj", "{5EAA322E-CE51-4370-A419-05FAF2742A46}"
EndProject
Project("{FAE04EC0-301F-11D3-BF4B-00C04F79EFBC}") = "Bolum_17_OOP_Sanal_Metot", "Bolum_17_OOP_Sanal_Metot\Bolum_17_OOP_Sanal_Metot.csproj", "{4783E036-1141-4F66-BB08-720E9589DF61}"
EndProject
Project("{FAE04EC0-301F-11D3-BF4B-00C04F79EFBC}") = "Bolum_18_OOP_Interface_Abstract", "Bolum_18_OOP_Interface_Abstract\Bolum_18_OOP_Interface_Abstract.csproj", "{5B3EC84C-D1A4-4C2A-BF15-A8138062A7DC}"
EndProject
Project("{FAE04EC0-301F-11D3-BF4B-00C04F79EFBC}") = "Bolum_19_Partial_Class", "Bolum_19_Partial_Class\Bolum_19_Partial_Class.csproj", "{5A48BE54-AFAC-46A5-A783-D41A40EBD4DD}"
EndProject
Project("{FAE04EC0-301F-11D3-BF4B-00C04F79EFBC}") = "Bolum_20_OOP_Enum_Kavrami", "Bolum_20_OOP_Enum_Kavrami\Bolum_20_OOP_Enum_Kavrami.csproj", "{D58FE099-8529-4184-AFEC-C2A9E5F127CA}"
EndProject
Global
	GlobalSection(SolutionConfigurationPlatforms) = preSolution
		Debug|Any CPU = Debug|Any CPU
		Release|Any CPU = Release|Any CPU
	EndGlobalSection
	GlobalSection(ProjectConfigurationPlatforms) = postSolution
		{2A851324-E65B-4B54-ABD9-6A2DCCDBE377}.Debug|Any CPU.ActiveCfg = Debug|Any CPU
		{2A851324-E65B-4B54-ABD9-6A2DCCDBE377}.Debug|Any CPU.Build.0 = Debug|Any CPU
		{2A851324-E65B-4B54-ABD9-6A2DCCDBE377}.Release|Any CPU.ActiveCfg = Release|Any CPU
		{2A851324-E65B-4B54-ABD9-6A2DCCDBE377}.Release|Any CPU.Build.0 = Release|Any CPU
		{7E9A2E87-5EF9-488F-B7D8-D100A2D06FC7}.Debug|Any CPU.ActiveCfg = Debug|Any CPU
		{7E9A2E87-5EF9-488F-B7D8-D100A2D06FC7}.Debug|Any CPU.Build.0 = Debug|Any CPU
		{7E9A2E87-5EF9-488F-B7D8-D100A2D06FC7}.Release|Any CPU.ActiveCfg = Release|Any CPU
		{7E9A2E87-5EF9-488F-B7D8-D100A2D06FC7}.Release|Any CPU.Build.0 = Release|Any CPU
		{17A5843E-35AB-4F10-BACA-30E20D7741E7}.Debug|Any CPU.ActiveCfg = Debug|Any CPU
		{17A5843E-35AB-4F10-BACA-30E20D7741E7}.Debug|Any CPU.Build.0 = Debug|Any CPU
		{17A5843E-35AB-4F10-BACA-30E20D7741E7}.Release|Any CPU.ActiveCfg = Release|Any CPU
		{17A5843E-35AB-4F10-BACA-30E20D7741E7}.Release|Any CPU.Build.0 = Release|Any CPU
		{F68CF7A0-8991-478A-922E-709F88FFF86D}.Debug|Any CPU.ActiveCfg = Debug|Any CPU
		{F68CF7A0-8991-478A-922E-709F88FFF86D}.Debug|Any CPU.Build.0 = Debug|Any CPU
		{F68CF7A0-8991-478A-922E-709F88FFF86D}.Release|Any CPU.ActiveCfg = Release|Any CPU
		{F68CF7A0-8991-478A-922E-709F88FFF86D}.Release|Any CPU.Build.0 = Release|Any CPU
		{C2701FA1-6D32-45E3-BCDB-77A740DEC5E1}.Debug|Any CPU.ActiveCfg = Debug|Any CPU
		{C2701FA1-6D32-45E3-BCDB-77A740DEC5E1}.Debug|Any CPU.Build.0 = Debug|Any CPU
		{C2701FA1-6D32-45E3-BCDB-77A740DEC5E1}.Release|Any CPU.ActiveCfg = Release|Any CPU
		{C2701FA1-6D32-45E3-BCDB-77A740DEC5E1}.Release|Any CPU.Build.0 = Release|Any CPU
		{E3E59F87-3677-4D2E-AD31-666887A7686E}.Debug|Any CPU.ActiveCfg = Debug|Any CPU
		{E3E59F87-3677-4D2E-AD31-666887A7686E}.Debug|Any CPU.Build.0 = Debug|Any CPU
		{E3E59F87-3677-4D2E-AD31-666887A7686E}.Release|Any CPU.ActiveCfg = Release|Any CPU
		{E3E59F87-3677-4D2E-AD31-666887A7686E}.Release|Any CPU.Build.0 = Release|Any CPU
		{30B9CE2A-4085-4B59-8DB6-DCAEA59EFCF0}.Debug|Any CPU.ActiveCfg = Debug|Any CPU
		{30B9CE2A-4085-4B59-8DB6-DCAEA59EFCF0}.Debug|Any CPU.Build.0 = Debug|Any CPU
		{30B9CE2A-4085-4B59-8DB6-DCAEA59EFCF0}.Release|Any CPU.ActiveCfg = Release|Any CPU
		{30B9CE2A-4085-4B59-8DB6-DCAEA59EFCF0}.Release|Any CPU.Build.0 = Release|Any CPU
		{8CF69176-CA4F-4B1D-A580-CE58ECFC1D67}.Debug|Any CPU.ActiveCfg = Debug|Any CPU
		{8CF69176-CA4F-4B1D-A580-CE58ECFC1D67}.Debug|Any CPU.Build.0 = Debug|Any CPU
		{8CF69176-CA4F-4B1D-A580-CE58ECFC1D67}.Release|Any CPU.ActiveCfg = Release|Any CPU
		{8CF69176-CA4F-4B1D-A580-CE58ECFC1D67}.Release|Any CPU.Build.0 = Release|Any CPU
		{AAF9E917-F13B-4E2A-A8CF-0AFFF04960FD}.Debug|Any CPU.ActiveCfg = Debug|Any CPU
		{AAF9E917-F13B-4E2A-A8CF-0AFFF04960FD}.Debug|Any CPU.Build.0 = Debug|Any CPU
		{AAF9E917-F13B-4E2A-A8CF-0AFFF04960FD}.Release|Any CPU.ActiveCfg = Release|Any CPU
		{AAF9E917-F13B-4E2A-A8CF-0AFFF04960FD}.Release|Any CPU.Build.0 = Release|Any CPU
		{21530A77-347F-403B-8772-218FC7010A87}.Debug|Any CPU.ActiveCfg = Debug|Any CPU
		{21530A77-347F-403B-8772-218FC7010A87}.Debug|Any CPU.Build.0 = Debug|Any CPU
		{21530A77-347F-403B-8772-218FC7010A87}.Release|Any CPU.ActiveCfg = Release|Any CPU
		{21530A77-347F-403B-8772-218FC7010A87}.Release|Any CPU.Build.0 = Release|Any CPU
		{46042098-6FB4-46AE-B9B9-1CFCFD21FBE7}.Debug|Any CPU.ActiveCfg = Debug|Any CPU
		{46042098-6FB4-46AE-B9B9-1CFCFD21FBE7}.Debug|Any CPU.Build.0 = Debug|Any CPU
		{46042098-6FB4-46AE-B9B9-1CFCFD21FBE7}.Release|Any CPU.ActiveCfg = Release|Any CPU
		{46042098-6FB4-46AE-B9B9-1CFCFD21FBE7}.Release|Any CPU.Build.0 = Release|Any CPU
		{76E0F2C2-EFD7-45AC-9925-66491DE2A7B0}.Debug|Any CPU.ActiveCfg = Debug|Any CPU
		{76E0F2C2-EFD7-45AC-9925-66491DE2A7B0}.Debug|Any CPU.Build.0 = Debug|Any CPU
		{76E0F2C2-EFD7-45AC-9925-66491DE2A7B0}.Release|Any CPU.ActiveCfg = Release|Any CPU
		{76E0F2C2-EFD7-45AC-9925-66491DE2A7B0}.Release|Any CPU.Build.0 = Release|Any CPU
		{7E50A1D3-690D-4736-B99C-9EA4771CBF11}.Debug|Any CPU.ActiveCfg = Debug|Any CPU
		{7E50A1D3-690D-4736-B99C-9EA4771CBF11}.Debug|Any CPU.Build.0 = Debug|Any CPU
		{7E50A1D3-690D-4736-B99C-9EA4771CBF11}.Release|Any CPU.ActiveCfg = Release|Any CPU
		{7E50A1D3-690D-4736-B99C-9EA4771CBF11}.Release|Any CPU.Build.0 = Release|Any CPU
		{5EAA322E-CE51-4370-A419-05FAF2742A46}.Debug|Any CPU.ActiveCfg = Debug|Any CPU
		{5EAA322E-CE51-4370-A419-05FAF2742A46}.Debug|Any CPU.Build.0 = Debug|Any CPU
		{5EAA322E-CE51-4370-A419-05FAF2742A46}.Release|Any CPU.ActiveCfg = Release|Any CPU
		{5EAA322E-CE51-4370-A419-05FAF2742A46}.Release|Any CPU.Build.0 = Release|Any CPU
		{4783E036-1141-4F66-BB08-720E9589DF61}.Debug|Any CPU.ActiveCfg = Debug|Any CPU
		{4783E036-1141-4F66-BB08-720E9589DF61}.Debug|Any CPU.Build.0 = Debug|Any CPU
		{4783E036-1141-4F66-BB08-720E9589DF61}.Release|Any CPU.ActiveCfg = Release|Any CPU
		{4783E036-1141-4F66-BB08-720E9589DF61}.Release|Any CPU.Build.0 = Release|Any CPU
		{5B3EC84C-D1A4-4C2A-BF15-A8138062A7DC}.Debug|Any CPU.ActiveCfg = Debug|Any CPU
		{5B3EC84C-D1A4-4C2A-BF15-A8138062A7DC}.Debug|Any CPU.Build.0 = Debug|Any CPU
		{5B3EC84C-D1A4-4C2A-BF15-A8138062A7DC}.Release|Any CPU.ActiveCfg = Release|Any CPU
		{5B3EC84C-D1A4-4C2A-BF15-A8138062A7DC}.Release|Any CPU.Build.0 = Release|Any CPU
		{5A48BE54-AFAC-46A5-A783-D41A40EBD4DD}.Debug|Any CPU.ActiveCfg = Debug|Any CPU
		{5A48BE54-AFAC-46A5-A783-D41A40EBD4DD}.Debug|Any CPU.Build.0 = Debug|Any CPU
		{5A48BE54-AFAC-46A5-A783-D41A40EBD4DD}.Release|Any CPU.ActiveCfg = Release|Any CPU
		{5A48BE54-AFAC-46A5-A783-D41A40EBD4DD}.Release|Any CPU.Build.0 = Release|Any CPU
		{D58FE099-8529-4184-AFEC-C2A9E5F127CA}.Debug|Any CPU.ActiveCfg = Debug|Any CPU
		{D58FE099-8529-4184-AFEC-C2A9E5F127CA}.Debug|Any CPU.Build.0 = Debug|Any CPU
		{D58FE099-8529-4184-AFEC-C2A9E5F127CA}.Release|Any CPU.ActiveCfg = Release|Any CPU
		{D58FE099-8529-4184-AFEC-C2A9E5F127CA}.Release|Any CPU.Build.0 = Release|Any CPU
	EndGlobalSection
	GlobalSection(SolutionProperties) = preSolution
		HideSolutionNode = FALSE
	EndGlobalSection
	GlobalSection(ExtensibilityGlobals) = postSolution
		SolutionGuid = {02A98F0C-6A7A-4FF2-BECF-B2B8CEE205BF}
	EndGlobalSection
EndGlobal
